
Microsoft Visual Studio Solution File, Format Version 12.00
# Visual Studio Version 16
VisualStudioVersion = 16.0.29503.13
MinimumVisualStudioVersion = 10.0.40219.1
Project("{9A19103F-16F7-4668-BE54-9A1E7A4F7556}") = "BEFIT", "BEFIT\BEFIT.csproj", "{EB7D8425-783D-48BE-884F-2DD7D6B961F0}"
EndProject
Project("{FAE04EC0-301F-11D3-BF4B-00C04F79EFBC}") = "RDLC", "RDLC\RDLC.csproj", "{2556B6BA-7C9F-4EE5-8ACA-29FEB6F89B41}"
EndProject
Global
	GlobalSection(SolutionConfigurationPlatforms) = preSolution
		Debug|Any CPU = Debug|Any CPU
		Release|Any CPU = Release|Any CPU
	EndGlobalSection
	GlobalSection(ProjectConfigurationPlatforms) = postSolution
		{EB7D8425-783D-48BE-884F-2DD7D6B961F0}.Debug|Any CPU.ActiveCfg = Debug|Any CPU
		{EB7D8425-783D-48BE-884F-2DD7D6B961F0}.Debug|Any CPU.Build.0 = Debug|Any CPU
		{EB7D8425-783D-48BE-884F-2DD7D6B961F0}.Release|Any CPU.ActiveCfg = Release|Any CPU
		{EB7D8425-783D-48BE-884F-2DD7D6B961F0}.Release|Any CPU.Build.0 = Release|Any CPU
		{2556B6BA-7C9F-4EE5-8ACA-29FEB6F89B41}.Debug|Any CPU.ActiveCfg = Debug|Any CPU
		{2556B6BA-7C9F-4EE5-8ACA-29FEB6F89B41}.Debug|Any CPU.Build.0 = Debug|Any CPU
		{2556B6BA-7C9F-4EE5-8ACA-29FEB6F89B41}.Release|Any CPU.ActiveCfg = Release|Any CPU
		{2556B6BA-7C9F-4EE5-8ACA-29FEB6F89B41}.Release|Any CPU.Build.0 = Release|Any CPU
	EndGlobalSection
	GlobalSection(SolutionProperties) = preSolution
		HideSolutionNode = FALSE
	EndGlobalSection
	GlobalSection(ExtensibilityGlobals) = postSolution
		SolutionGuid = {AB069C96-2C75-4E8E-93EF-4F24B4B7C4A2}
	EndGlobalSection
EndGlobal
